// !$*UTF8*$!
{
	archiveVersion = 1;
	classes = {
	};
	objectVersion = 56;
	objects = {

/* Begin PBXBuildFile section */
		1ACE16762915650700FA1AAA /* AppDelegate.swift in Sources */ = {isa = PBXBuildFile; fileRef = 1ACE16752915650700FA1AAA /* AppDelegate.swift */; };
		1ACE16782915650700FA1AAA /* SceneDelegate.swift in Sources */ = {isa = PBXBuildFile; fileRef = 1ACE16772915650700FA1AAA /* SceneDelegate.swift */; };
		1ACE167A2915650700FA1AAA /* ViewController.swift in Sources */ = {isa = PBXBuildFile; fileRef = 1ACE16792915650700FA1AAA /* ViewController.swift */; };
		1ACE167D2915650700FA1AAA /* Main.storyboard in Resources */ = {isa = PBXBuildFile; fileRef = 1ACE167B2915650700FA1AAA /* Main.storyboard */; };
		1ACE167F2915650800FA1AAA /* Assets.xcassets in Resources */ = {isa = PBXBuildFile; fileRef = 1ACE167E2915650800FA1AAA /* Assets.xcassets */; };
		1ACE16822915650800FA1AAA /* LaunchScreen.storyboard in Resources */ = {isa = PBXBuildFile; fileRef = 1ACE16802915650800FA1AAA /* LaunchScreen.storyboard */; };
		1ACE168D2915650800FA1AAA /* i_am_richTests.swift in Sources */ = {isa = PBXBuildFile; fileRef = 1ACE168C2915650800FA1AAA /* i_am_richTests.swift */; };
		1ACE16972915650800FA1AAA /* i_am_richUITests.swift in Sources */ = {isa = PBXBuildFile; fileRef = 1ACE16962915650800FA1AAA /* i_am_richUITests.swift */; };
		1ACE16992915650800FA1AAA /* i_am_richUITestsLaunchTests.swift in Sources */ = {isa = PBXBuildFile; fileRef = 1ACE16982915650800FA1AAA /* i_am_richUITestsLaunchTests.swift */; };
/* End PBXBuildFile section */

/* Begin PBXContainerItemProxy section */
		1ACE16892915650800FA1AAA /* PBXContainerItemProxy */ = {
			isa = PBXContainerItemProxy;
			containerPortal = 1ACE166A2915650600FA1AAA /* Project object */;
			proxyType = 1;
			remoteGlobalIDString = 1ACE16712915650600FA1AAA;
			remoteInfo = "i am rich";
		};
		1ACE16932915650800FA1AAA /* PBXContainerItemProxy */ = {
			isa = PBXContainerItemProxy;
			containerPortal = 1ACE166A2915650600FA1AAA /* Project object */;
			proxyType = 1;
			remoteGlobalIDString = 1ACE16712915650600FA1AAA;
			remoteInfo = "i am rich";
		};
/* End PBXContainerItemProxy section */

/* Begin PBXFileReference section */
		1ACE16722915650700FA1AAA /* i am rich.app */ = {isa = PBXFileReference; explicitFileType = wrapper.application; includeInIndex = 0; path = "i am rich.app"; sourceTree = BUILT_PRODUCTS_DIR; };
		1ACE16752915650700FA1AAA /* AppDelegate.swift */ = {isa = PBXFileReference; lastKnownFileType = sourcecode.swift; path = AppDelegate.swift; sourceTree = "<group>"; };
		1ACE16772915650700FA1AAA /* SceneDelegate.swift */ = {isa = PBXFileReference; lastKnownFileType = sourcecode.swift; path = SceneDelegate.swift; sourceTree = "<group>"; };
		1ACE16792915650700FA1AAA /* ViewController.swift */ = {isa = PBXFileReference; lastKnownFileType = sourcecode.swift; path = ViewController.swift; sourceTree = "<group>"; };
		1ACE167C2915650700FA1AAA /* Base */ = {isa = PBXFileReference; lastKnownFileType = file.storyboard; name = Base; path = Base.lproj/Main.storyboard; sourceTree = "<group>"; };
		1ACE167E2915650800FA1AAA /* Assets.xcassets */ = {isa = PBXFileReference; lastKnownFileType = folder.assetcatalog; path = Assets.xcassets; sourceTree = "<group>"; };
		1ACE16812915650800FA1AAA /* Base */ = {isa = PBXFileReference; lastKnownFileType = file.storyboard; name = Base; path = Base.lproj/LaunchScreen.storyboard; sourceTree = "<group>"; };
		1ACE16832915650800FA1AAA /* Info.plist */ = {isa = PBXFileReference; lastKnownFileType = text.plist.xml; path = Info.plist; sourceTree = "<group>"; };
		1ACE16882915650800FA1AAA /* i am richTests.xctest */ = {isa = PBXFileReference; explicitFileType = wrapper.cfbundle; includeInIndex = 0; path = "i am richTests.xctest"; sourceTree = BUILT_PRODUCTS_DIR; };
		1ACE168C2915650800FA1AAA /* i_am_richTests.swift */ = {isa = PBXFileReference; lastKnownFileType = sourcecode.swift; path = i_am_richTests.swift; sourceTree = "<group>"; };
		1ACE16922915650800FA1AAA /* i am richUITests.xctest */ = {isa = PBXFileReference; explicitFileType = wrapper.cfbundle; includeInIndex = 0; path = "i am richUITests.xctest"; sourceTree = BUILT_PRODUCTS_DIR; };
		1ACE16962915650800FA1AAA /* i_am_richUITests.swift */ = {isa = PBXFileReference; lastKnownFileType = sourcecode.swift; path = i_am_richUITests.swift; sourceTree = "<group>"; };
		1ACE16982915650800FA1AAA /* i_am_richUITestsLaunchTests.swift */ = {isa = PBXFileReference; lastKnownFileType = sourcecode.swift; path = i_am_richUITestsLaunchTests.swift; sourceTree = "<group>"; };
/* End PBXFileReference section */

/* Begin PBXFrameworksBuildPhase section */
		1ACE166F2915650600FA1AAA /* Frameworks */ = {
			isa = PBXFrameworksBuildPhase;
			buildActionMask = 2147483647;
			files = (
			);
			runOnlyForDeploymentPostprocessing = 0;
		};
		1ACE16852915650800FA1AAA /* Frameworks */ = {
			isa = PBXFrameworksBuildPhase;
			buildActionMask = 2147483647;
			files = (
			);
			runOnlyForDeploymentPostprocessing = 0;
		};
		1ACE168F2915650800FA1AAA /* Frameworks */ = {
			isa = PBXFrameworksBuildPhase;
			buildActionMask = 2147483647;
			files = (
			);
			runOnlyForDeploymentPostprocessing = 0;
		};
/* End PBXFrameworksBuildPhase section */

/* Begin PBXGroup section */
		1ACE16692915650600FA1AAA = {
			isa = PBXGroup;
			children = (
				1ACE16742915650700FA1AAA /* i am rich */,
				1ACE168B2915650800FA1AAA /* i am richTests */,
				1ACE16952915650800FA1AAA /* i am richUITests */,
				1ACE16732915650700FA1AAA /* Products */,
			);
			sourceTree = "<group>";
		};
		1ACE16732915650700FA1AAA /* Products */ = {
			isa = PBXGroup;
			children = (
				1ACE16722915650700FA1AAA /* i am rich.app */,
				1ACE16882915650800FA1AAA /* i am richTests.xctest */,
				1ACE16922915650800FA1AAA /* i am richUITests.xctest */,
			);
			name = Products;
			sourceTree = "<group>";
		};
		1ACE16742915650700FA1AAA /* i am rich */ = {
			isa = PBXGroup;
			children = (
				1ACE16752915650700FA1AAA /* AppDelegate.swift */,
				1ACE16772915650700FA1AAA /* SceneDelegate.swift */,
				1ACE16792915650700FA1AAA /* ViewController.swift */,
				1ACE167B2915650700FA1AAA /* Main.storyboard */,
				1ACE167E2915650800FA1AAA /* Assets.xcassets */,
				1ACE16802915650800FA1AAA /* LaunchScreen.storyboard */,
				1ACE16832915650800FA1AAA /* Info.plist */,
			);
			path = "i am rich";
			sourceTree = "<group>";
		};
		1ACE168B2915650800FA1AAA /* i am richTests */ = {
			isa = PBXGroup;
			children = (
				1ACE168C2915650800FA1AAA /* i_am_richTests.swift */,
			);
			path = "i am richTests";
			sourceTree = "<group>";
		};
		1ACE16952915650800FA1AAA /* i am richUITests */ = {
			isa = PBXGroup;
			children = (
				1ACE16962915650800FA1AAA /* i_am_richUITests.swift */,
				1ACE16982915650800FA1AAA /* i_am_richUITestsLaunchTests.swift */,
			);
			path = "i am richUITests";
			sourceTree = "<group>";
		};
/* End PBXGroup section */

/* Begin PBXNativeTarget section */
		1ACE16712915650600FA1AAA /* i am rich */ = {
			isa = PBXNativeTarget;
			buildConfigurationList = 1ACE169C2915650800FA1AAA /* Build configuration list for PBXNativeTarget "i am rich" */;
			buildPhases = (
				1ACE166E2915650600FA1AAA /* Sources */,
				1ACE166F2915650600FA1AAA /* Frameworks */,
				1ACE16702915650600FA1AAA /* Resources */,
			);
			buildRules = (
			);
			dependencies = (
			);
			name = "i am rich";
			productName = "i am rich";
			productReference = 1ACE16722915650700FA1AAA /* i am rich.app */;
			productType = "com.apple.product-type.application";
		};
		1ACE16872915650800FA1AAA /* i am richTests */ = {
			isa = PBXNativeTarget;
			buildConfigurationList = 1ACE169F2915650800FA1AAA /* Build configuration list for PBXNativeTarget "i am richTests" */;
			buildPhases = (
				1ACE16842915650800FA1AAA /* Sources */,
				1ACE16852915650800FA1AAA /* Frameworks */,
				1ACE16862915650800FA1AAA /* Resources */,
			);
			buildRules = (
			);
			dependencies = (
				1ACE168A2915650800FA1AAA /* PBXTargetDependency */,
			);
			name = "i am richTests";
			productName = "i am richTests";
			productReference = 1ACE16882915650800FA1AAA /* i am richTests.xctest */;
			productType = "com.apple.product-type.bundle.unit-test";
		};
		1ACE16912915650800FA1AAA /* i am richUITests */ = {
			isa = PBXNativeTarget;
			buildConfigurationList = 1ACE16A22915650800FA1AAA /* Build configuration list for PBXNativeTarget "i am richUITests" */;
			buildPhases = (
				1ACE168E2915650800FA1AAA /* Sources */,
				1ACE168F2915650800FA1AAA /* Frameworks */,
				1ACE16902915650800FA1AAA /* Resources */,
			);
			buildRules = (
			);
			dependencies = (
				1ACE16942915650800FA1AAA /* PBXTargetDependency */,
			);
			name = "i am richUITests";
			productName = "i am richUITests";
			productReference = 1ACE16922915650800FA1AAA /* i am richUITests.xctest */;
			productType = "com.apple.product-type.bundle.ui-testing";
		};
/* End PBXNativeTarget section */

/* Begin PBXProject section */
		1ACE166A2915650600FA1AAA /* Project object */ = {
			isa = PBXProject;
			attributes = {
				BuildIndependentTargetsInParallel = 1;
				LastSwiftUpdateCheck = 1410;
				LastUpgradeCheck = 1410;
				TargetAttributes = {
					1ACE16712915650600FA1AAA = {
						CreatedOnToolsVersion = 14.1;
					};
					1ACE16872915650800FA1AAA = {
						CreatedOnToolsVersion = 14.1;
						TestTargetID = 1ACE16712915650600FA1AAA;
					};
					1ACE16912915650800FA1AAA = {
						CreatedOnToolsVersion = 14.1;
						TestTargetID = 1ACE16712915650600FA1AAA;
					};
				};
			};
			buildConfigurationList = 1ACE166D2915650600FA1AAA /* Build configuration list for PBXProject "i am rich" */;
			compatibilityVersion = "Xcode 14.0";
			developmentRegion = en;
			hasScannedForEncodings = 0;
			knownRegions = (
				en,
				Base,
			);
			mainGroup = 1ACE16692915650600FA1AAA;
			productRefGroup = 1ACE16732915650700FA1AAA /* Products */;
			projectDirPath = "";
			projectRoot = "";
			targets = (
				1ACE16712915650600FA1AAA /* i am rich */,
				1ACE16872915650800FA1AAA /* i am richTests */,
				1ACE16912915650800FA1AAA /* i am richUITests */,
			);
		};
/* End PBXProject section */

/* Begin PBXResourcesBuildPhase section */
		1ACE16702915650600FA1AAA /* Resources */ = {
			isa = PBXResourcesBuildPhase;
			buildActionMask = 2147483647;
			files = (
				1ACE16822915650800FA1AAA /* LaunchScreen.storyboard in Resources */,
				1ACE167F2915650800FA1AAA /* Assets.xcassets in Resources */,
				1ACE167D2915650700FA1AAA /* Main.storyboard in Resources */,
			);
			runOnlyForDeploymentPostprocessing = 0;
		};
		1ACE16862915650800FA1AAA /* Resources */ = {
			isa = PBXResourcesBuildPhase;
			buildActionMask = 2147483647;
			files = (
			);
			runOnlyForDeploymentPostprocessing = 0;
		};
		1ACE16902915650800FA1AAA /* Resources */ = {
			isa = PBXResourcesBuildPhase;
			buildActionMask = 2147483647;
			files = (
			);
			runOnlyForDeploymentPostprocessing = 0;
		};
/* End PBXResourcesBuildPhase section */

/* Begin PBXSourcesBuildPhase section */
		1ACE166E2915650600FA1AAA /* Sources */ = {
			isa = PBXSourcesBuildPhase;
			buildActionMask = 2147483647;
			files = (
				1ACE167A2915650700FA1AAA /* ViewController.swift in Sources */,
				1ACE16762915650700FA1AAA /* AppDelegate.swift in Sources */,
				1ACE16782915650700FA1AAA /* SceneDelegate.swift in Sources */,
			);
			runOnlyForDeploymentPostprocessing = 0;
		};
		1ACE16842915650800FA1AAA /* Sources */ = {
			isa = PBXSourcesBuildPhase;
			buildActionMask = 2147483647;
			files = (
				1ACE168D2915650800FA1AAA /* i_am_richTests.swift in Sources */,
			);
			runOnlyForDeploymentPostprocessing = 0;
		};
		1ACE168E2915650800FA1AAA /* Sources */ = {
			isa = PBXSourcesBuildPhase;
			buildActionMask = 2147483647;
			files = (
				1ACE16992915650800FA1AAA /* i_am_richUITestsLaunchTests.swift in Sources */,
				1ACE16972915650800FA1AAA /* i_am_richUITests.swift in Sources */,
			);
			runOnlyForDeploymentPostprocessing = 0;
		};
/* End PBXSourcesBuildPhase section */

/* Begin PBXTargetDependency section */
		1ACE168A2915650800FA1AAA /* PBXTargetDependency */ = {
			isa = PBXTargetDependency;
			target = 1ACE16712915650600FA1AAA /* i am rich */;
			targetProxy = 1ACE16892915650800FA1AAA /* PBXContainerItemProxy */;
		};
		1ACE16942915650800FA1AAA /* PBXTargetDependency */ = {
			isa = PBXTargetDependency;
			target = 1ACE16712915650600FA1AAA /* i am rich */;
			targetProxy = 1ACE16932915650800FA1AAA /* PBXContainerItemProxy */;
		};
/* End PBXTargetDependency section */

/* Begin PBXVariantGroup section */
		1ACE167B2915650700FA1AAA /* Main.storyboard */ = {
			isa = PBXVariantGroup;
			children = (
				1ACE167C2915650700FA1AAA /* Base */,
			);
			name = Main.storyboard;
			sourceTree = "<group>";
		};
		1ACE16802915650800FA1AAA /* LaunchScreen.storyboard */ = {
			isa = PBXVariantGroup;
			children = (
				1ACE16812915650800FA1AAA /* Base */,
			);
			name = LaunchScreen.storyboard;
			sourceTree = "<group>";
		};
/* End PBXVariantGroup section */

/* Begin XCBuildConfiguration section */
		1ACE169A2915650800FA1AAA /* Debug */ = {
			isa = XCBuildConfiguration;
			buildSettings = {
				ALWAYS_SEARCH_USER_PATHS = NO;
				CLANG_ANALYZER_NONNULL = YES;
				CLANG_ANALYZER_NUMBER_OBJECT_CONVERSION = YES_AGGRESSIVE;
				CLANG_CXX_LANGUAGE_STANDARD = "gnu++20";
				CLANG_ENABLE_MODULES = YES;
				CLANG_ENABLE_OBJC_ARC = YES;
				CLANG_ENABLE_OBJC_WEAK = YES;
				CLANG_WARN_BLOCK_CAPTURE_AUTORELEASING = YES;
				CLANG_WARN_BOOL_CONVERSION = YES;
				CLANG_WARN_COMMA = YES;
				CLANG_WARN_CONSTANT_CONVERSION = YES;
				CLANG_WARN_DEPRECATED_OBJC_IMPLEMENTATIONS = YES;
				CLANG_WARN_DIRECT_OBJC_ISA_USAGE = YES_ERROR;
				CLANG_WARN_DOCUMENTATION_COMMENTS = YES;
				CLANG_WARN_EMPTY_BODY = YES;
				CLANG_WARN_ENUM_CONVERSION = YES;
				CLANG_WARN_INFINITE_RECURSION = YES;
				CLANG_WARN_INT_CONVERSION = YES;
				CLANG_WARN_NON_LITERAL_NULL_CONVERSION = YES;
				CLANG_WARN_OBJC_IMPLICIT_RETAIN_SELF = YES;
				CLANG_WARN_OBJC_LITERAL_CONVERSION = YES;
				CLANG_WARN_OBJC_ROOT_CLASS = YES_ERROR;
				CLANG_WARN_QUOTED_INCLUDE_IN_FRAMEWORK_HEADER = YES;
				CLANG_WARN_RANGE_LOOP_ANALYSIS = YES;
				CLANG_WARN_STRICT_PROTOTYPES = YES;
				CLANG_WARN_SUSPICIOUS_MOVE = YES;
				CLANG_WARN_UNGUARDED_AVAILABILITY = YES_AGGRESSIVE;
				CLANG_WARN_UNREACHABLE_CODE = YES;
				CLANG_WARN__DUPLICATE_METHOD_MATCH = YES;
				COPY_PHASE_STRIP = NO;
				DEBUG_INFORMATION_FORMAT = dwarf;
				ENABLE_STRICT_OBJC_MSGSEND = YES;
				ENABLE_TESTABILITY = YES;
				GCC_C_LANGUAGE_STANDARD = gnu11;
				GCC_DYNAMIC_NO_PIC = NO;
				GCC_NO_COMMON_BLOCKS = YES;
				GCC_OPTIMIZATION_LEVEL = 0;
				GCC_PREPROCESSOR_DEFINITIONS = (
					"DEBUG=1",
					"$(inherited)",
				);
				GCC_WARN_64_TO_32_BIT_CONVERSION = YES;
				GCC_WARN_ABOUT_RETURN_TYPE = YES_ERROR;
				GCC_WARN_UNDECLARED_SELECTOR = YES;
				GCC_WARN_UNINITIALIZED_AUTOS = YES_AGGRESSIVE;
				GCC_WARN_UNUSED_FUNCTION = YES;
				GCC_WARN_UNUSED_VARIABLE = YES;
				IPHONEOS_DEPLOYMENT_TARGET = 16.1;
				MTL_ENABLE_DEBUG_INFO = INCLUDE_SOURCE;
				MTL_FAST_MATH = YES;
				ONLY_ACTIVE_ARCH = YES;
				SDKROOT = iphoneos;
				SWIFT_ACTIVE_COMPILATION_CONDITIONS = DEBUG;
				SWIFT_OPTIMIZATION_LEVEL = "-Onone";
			};
			name = Debug;
		};
		1ACE169B2915650800FA1AAA /* Release */ = {
			isa = XCBuildConfiguration;
			buildSettings = {
				ALWAYS_SEARCH_USER_PATHS = NO;
				CLANG_ANALYZER_NONNULL = YES;
				CLANG_ANALYZER_NUMBER_OBJECT_CONVERSION = YES_AGGRESSIVE;
				CLANG_CXX_LANGUAGE_STANDARD = "gnu++20";
				CLANG_ENABLE_MODULES = YES;
				CLANG_ENABLE_OBJC_ARC = YES;
				CLANG_ENABLE_OBJC_WEAK = YES;
				CLANG_WARN_BLOCK_CAPTURE_AUTORELEASING = YES;
				CLANG_WARN_BOOL_CONVERSION = YES;
				CLANG_WARN_COMMA = YES;
				CLANG_WARN_CONSTANT_CONVERSION = YES;
				CLANG_WARN_DEPRECATED_OBJC_IMPLEMENTATIONS = YES;
				CLANG_WARN_DIRECT_OBJC_ISA_USAGE = YES_ERROR;
				CLANG_WARN_DOCUMENTATION_COMMENTS = YES;
				CLANG_WARN_EMPTY_BODY = YES;
				CLANG_WARN_ENUM_CONVERSION = YES;
				CLANG_WARN_INFINITE_RECURSION = YES;
				CLANG_WARN_INT_CONVERSION = YES;
				CLANG_WARN_NON_LITERAL_NULL_CONVERSION = YES;
				CLANG_WARN_OBJC_IMPLICIT_RETAIN_SELF = YES;
				CLANG_WARN_OBJC_LITERAL_CONVERSION = YES;
				CLANG_WARN_OBJC_ROOT_CLASS = YES_ERROR;
				CLANG_WARN_QUOTED_INCLUDE_IN_FRAMEWORK_HEADER = YES;
				CLANG_WARN_RANGE_LOOP_ANALYSIS = YES;
				CLANG_WARN_STRICT_PROTOTYPES = YES;
				CLANG_WARN_SUSPICIOUS_MOVE = YES;
				CLANG_WARN_UNGUARDED_AVAILABILITY = YES_AGGRESSIVE;
				CLANG_WARN_UNREACHABLE_CODE = YES;
				CLANG_WARN__DUPLICATE_METHOD_MATCH = YES;
				COPY_PHASE_STRIP = NO;
				DEBUG_INFORMATION_FORMAT = "dwarf-with-dsym";
				ENABLE_NS_ASSERTIONS = NO;
				ENABLE_STRICT_OBJC_MSGSEND = YES;
				GCC_C_LANGUAGE_STANDARD = gnu11;
				GCC_NO_COMMON_BLOCKS = YES;
				GCC_WARN_64_TO_32_BIT_CONVERSION = YES;
				GCC_WARN_ABOUT_RETURN_TYPE = YES_ERROR;
				GCC_WARN_UNDECLARED_SELECTOR = YES;
				GCC_WARN_UNINITIALIZED_AUTOS = YES_AGGRESSIVE;
				GCC_WARN_UNUSED_FUNCTION = YES;
				GCC_WARN_UNUSED_VARIABLE = YES;
				IPHONEOS_DEPLOYMENT_TARGET = 16.1;
				MTL_ENABLE_DEBUG_INFO = NO;
				MTL_FAST_MATH = YES;
				SDKROOT = iphoneos;
				SWIFT_COMPILATION_MODE = wholemodule;
				SWIFT_OPTIMIZATION_LEVEL = "-O";
				VALIDATE_PRODUCT = YES;
			};
			name = Release;
		};
		1ACE169D2915650800FA1AAA /* Debug */ = {
			isa = XCBuildConfiguration;
			buildSettings = {
				ASSETCATALOG_COMPILER_APPICON_NAME = AppIcon;
				ASSETCATALOG_COMPILER_GLOBAL_ACCENT_COLOR_NAME = AccentColor;
				CODE_SIGN_STYLE = Automatic;
				CURRENT_PROJECT_VERSION = 1;
				DEVELOPMENT_TEAM = 826CHPLLZ8;
				GENERATE_INFOPLIST_FILE = YES;
				INFOPLIST_FILE = "i am rich/Info.plist";
				INFOPLIST_KEY_UIApplicationSupportsIndirectInputEvents = YES;
				INFOPLIST_KEY_UILaunchStoryboardName = LaunchScreen;
				INFOPLIST_KEY_UIMainStoryboardFile = Main;
				INFOPLIST_KEY_UISupportedInterfaceOrientations_iPad = "UIInterfaceOrientationPortrait UIInterfaceOrientationPortraitUpsideDown UIInterfaceOrientationLandscapeLeft UIInterfaceOrientationLandscapeRight";
				INFOPLIST_KEY_UISupportedInterfaceOrientations_iPhone = "UIInterfaceOrientationPortrait UIInterfaceOrientationLandscapeLeft UIInterfaceOrientationLandscapeRight";
				IPHONEOS_DEPLOYMENT_TARGET = 15.0;
				LD_RUNPATH_SEARCH_PATHS = (
					"$(inherited)",
					"@executable_path/Frameworks",
				);
				MARKETING_VERSION = 1.0;
				PRODUCT_BUNDLE_IDENTIFIER = "jaazstore.i-am-rich";
				PRODUCT_NAME = "$(TARGET_NAME)";
				SWIFT_EMIT_LOC_STRINGS = YES;
				SWIFT_VERSION = 5.0;
				TARGETED_DEVICE_FAMILY = "1,2";
			};
			name = Debug;
		};
		1ACE169E2915650800FA1AAA /* Release */ = {
			isa = XCBuildConfiguration;
			buildSettings = {
				ASSETCATALOG_COMPILER_APPICON_NAME = AppIcon;
				ASSETCATALOG_COMPILER_GLOBAL_ACCENT_COLOR_NAME = AccentColor;
				CODE_SIGN_STYLE = Automatic;
				CURRENT_PROJECT_VERSION = 1;
				DEVELOPMENT_TEAM = 826CHPLLZ8;
				GENERATE_INFOPLIST_FILE = YES;
				INFOPLIST_FILE = "i am rich/Info.plist";
				INFOPLIST_KEY_UIApplicationSupportsIndirectInputEvents = YES;
				INFOPLIST_KEY_UILaunchStoryboardName = LaunchScreen;
				INFOPLIST_KEY_UIMainStoryboardFile = Main;
				INFOPLIST_KEY_UISupportedInterfaceOrientations_iPad = "UIInterfaceOrientationPortrait UIInterfaceOrientationPortraitUpsideDown UIInterfaceOrientationLandscapeLeft UIInterfaceOrientationLandscapeRight";
				INFOPLIST_KEY_UISupportedInterfaceOrientations_iPhone = "UIInterfaceOrientationPortrait UIInterfaceOrientationLandscapeLeft UIInterfaceOrientationLandscapeRight";
				IPHONEOS_DEPLOYMENT_TARGET = 15.0;
				LD_RUNPATH_SEARCH_PATHS = (
					"$(inherited)",
					"@executable_path/Frameworks",
				);
				MARKETING_VERSION = 1.0;
				PRODUCT_BUNDLE_IDENTIFIER = "jaazstore.i-am-rich";
				PRODUCT_NAME = "$(TARGET_NAME)";
				SWIFT_EMIT_LOC_STRINGS = YES;
				SWIFT_VERSION = 5.0;
				TARGETED_DEVICE_FAMILY = "1,2";
			};
			name = Release;
		};
		1ACE16A02915650800FA1AAA /* Debug */ = {
			isa = XCBuildConfiguration;
			buildSettings = {
				ALWAYS_EMBED_SWIFT_STANDARD_LIBRARIES = YES;
				BUNDLE_LOADER = "$(TEST_HOST)";
				CODE_SIGN_STYLE = Automatic;
				CURRENT_PROJECT_VERSION = 1;
				DEVELOPMENT_TEAM = 826CHPLLZ8;
				GENERATE_INFOPLIST_FILE = YES;
				IPHONEOS_DEPLOYMENT_TARGET = 16.1;
				MARKETING_VERSION = 1.0;
				PRODUCT_BUNDLE_IDENTIFIER = "jaazstore.i-am-richTests";
				PRODUCT_NAME = "$(TARGET_NAME)";
				SWIFT_EMIT_LOC_STRINGS = NO;
				SWIFT_VERSION = 5.0;
				TARGETED_DEVICE_FAMILY = "1,2";
				TEST_HOST = "$(BUILT_PRODUCTS_DIR)/i am rich.app/$(BUNDLE_EXECUTABLE_FOLDER_PATH)/i am rich";
			};
			name = Debug;
		};
		1ACE16A12915650800FA1AAA /* Release */ = {
			isa = XCBuildConfiguration;
			buildSettings = {
				ALWAYS_EMBED_SWIFT_STANDARD_LIBRARIES = YES;
				BUNDLE_LOADER = "$(TEST_HOST)";
				CODE_SIGN_STYLE = Automatic;
				CURRENT_PROJECT_VERSION = 1;
				DEVELOPMENT_TEAM = 826CHPLLZ8;
				GENERATE_INFOPLIST_FILE = YES;
				IPHONEOS_DEPLOYMENT_TARGET = 16.1;
				MARKETING_VERSION = 1.0;
				PRODUCT_BUNDLE_IDENTIFIER = "jaazstore.i-am-richTests";
				PRODUCT_NAME = "$(TARGET_NAME)";
				SWIFT_EMIT_LOC_STRINGS = NO;
				SWIFT_VERSION = 5.0;
				TARGETED_DEVICE_FAMILY = "1,2";
				TEST_HOST = "$(BUILT_PRODUCTS_DIR)/i am rich.app/$(BUNDLE_EXECUTABLE_FOLDER_PATH)/i am rich";
			};
			name = Release;
		};
		1ACE16A32915650800FA1AAA /* Debug */ = {
			isa = XCBuildConfiguration;
			buildSettings = {
				ALWAYS_EMBED_SWIFT_STANDARD_LIBRARIES = YES;
				CODE_SIGN_STYLE = Automatic;
				CURRENT_PROJECT_VERSION = 1;
				DEVELOPMENT_TEAM = 826CHPLLZ8;
				GENERATE_INFOPLIST_FILE = YES;
				MARKETING_VERSION = 1.0;
				PRODUCT_BUNDLE_IDENTIFIER = "jaazstore.i-am-richUITests";
				PRODUCT_NAME = "$(TARGET_NAME)";
				SWIFT_EMIT_LOC_STRINGS = NO;
				SWIFT_VERSION = 5.0;
				TARGETED_DEVICE_FAMILY = "1,2";
				TEST_TARGET_NAME = "i am rich";
			};
			name = Debug;
		};
		1ACE16A42915650800FA1AAA /* Release */ = {
			isa = XCBuildConfiguration;
			buildSettings = {
				ALWAYS_EMBED_SWIFT_STANDARD_LIBRARIES = YES;
				CODE_SIGN_STYLE = Automatic;
				CURRENT_PROJECT_VERSION = 1;
				DEVELOPMENT_TEAM = 826CHPLLZ8;
				GENERATE_INFOPLIST_FILE = YES;
				MARKETING_VERSION = 1.0;
				PRODUCT_BUNDLE_IDENTIFIER = "jaazstore.i-am-richUITests";
				PRODUCT_NAME = "$(TARGET_NAME)";
				SWIFT_EMIT_LOC_STRINGS = NO;
				SWIFT_VERSION = 5.0;
				TARGETED_DEVICE_FAMILY = "1,2";
				TEST_TARGET_NAME = "i am rich";
			};
			name = Release;
		};
/* End XCBuildConfiguration section */

/* Begin XCConfigurationList section */
		1ACE166D2915650600FA1AAA /* Build configuration list for PBXProject "i am rich" */ = {
			isa = XCConfigurationList;
			buildConfigurations = (
				1ACE169A2915650800FA1AAA /* Debug */,
				1ACE169B2915650800FA1AAA /* Release */,
			);
			defaultConfigurationIsVisible = 0;
			defaultConfigurationName = Release;
		};
		1ACE169C2915650800FA1AAA /* Build configuration list for PBXNativeTarget "i am rich" */ = {
			isa = XCConfigurationList;
			buildConfigurations = (
				1ACE169D2915650800FA1AAA /* Debug */,
				1ACE169E2915650800FA1AAA /* Release */,
			);
			defaultConfigurationIsVisible = 0;
			defaultConfigurationName = Release;
		};
		1ACE169F2915650800FA1AAA /* Build configuration list for PBXNativeTarget "i am richTests" */ = {
			isa = XCConfigurationList;
			buildConfigurations = (
				1ACE16A02915650800FA1AAA /* Debug */,
				1ACE16A12915650800FA1AAA /* Release */,
			);
			defaultConfigurationIsVisible = 0;
			defaultConfigurationName = Release;
		};
		1ACE16A22915650800FA1AAA /* Build configuration list for PBXNativeTarget "i am richUITests" */ = {
			isa = XCConfigurationList;
			buildConfigurations = (
				1ACE16A32915650800FA1AAA /* Debug */,
				1ACE16A42915650800FA1AAA /* Release */,
			);
			defaultConfigurationIsVisible = 0;
			defaultConfigurationName = Release;
		};
/* End XCConfigurationList section */
	};
	rootObject = 1ACE166A2915650600FA1AAA /* Project object */;
}
